<?xml version="1.0" encoding="utf-8"?>
<Project ToolsVersion="4.0" xmlns="http://schemas.microsoft.com/developer/msbuild/2003">
  <ItemGroup>
    <Filter Include="Include">
      <UniqueIdentifier>{c9c99a4b-64eb-468e-a1cb-6526fccc60df}</UniqueIdentifier>
    </Filter>
    <Filter Include="Source">
      <UniqueIdentifier>{ecb8493b-ea8a-4714-9e3f-4a9b8d51910b}</UniqueIdentifier>
    </Filter>
    <Filter Include="Include\xsim">
      <UniqueIdentifier>{4c4a9def-6076-4c01-a09b-d2bc14950703}</UniqueIdentifier>
    </Filter>
    <Filter Include="Source\xsim">
      <UniqueIdentifier>{c9dac01c-c263-4347-974e-0f672297411c}</UniqueIdentifier>
    </Filter>
    <Filter Include="Source\fmt">
      <UniqueIdentifier>{0ac0b30a-8df9-46a8-a126-d31cb85c636b}</UniqueIdentifier>
    </Filter>
  </ItemGroup>
  <ItemGroup>
    <ClInclude Include="Include\xsim\fmt.hpp">
      <Filter>Include\xsim</Filter>
    </ClInclude>
    <ClInclude Include="Include\xsim\logs.hpp">
      <Filter>Include\xsim</Filter>
    </ClInclude>
    <ClInclude Include="Include\xsim\types.hpp">
      <Filter>Include\xsim</Filter>
    </ClInclude>
    <ClInclude Include="Include\xsim\utils.hpp">
      <Filter>Include\xsim</Filter>
    </ClInclude>
    <ClInclude Include="Include\xsim\xsim.hpp">
      <Filter>Include\xsim</Filter>
    </ClInclude>
    <ClInclude Include="Include\xsim\math.hpp">
      <Filter>Include\xsim</Filter>
    </ClInclude>
  </ItemGroup>
  <ItemGroup>
    <ClCompile Include="Source\xsim\utils.cpp">
      <Filter>Source\xsim</Filter>
    </ClCompile>
    <ClCompile Include="Source\fmt\format.cpp">
      <Filter>Source\fmt</Filter>
    </ClCompile>
    <ClCompile Include="Source\xsim\xsim.cpp">
      <Filter>Source\xsim</Filter>
    </ClCompile>
    <ClCompile Include="Source\xsim\logs.cpp">
      <Filter>Source\xsim</Filter>
    </ClCompile>
  </ItemGroup>
</Project>